<?xml version="1.0" encoding="utf-8"?>
<Project ToolsVersion="4.0" xmlns="http://schemas.microsoft.com/developer/msbuild/2003">
  <ItemGroup>
    <Filter Include="Source Files">
      <UniqueIdentifier>{4FC737F1-C7A5-4376-A066-2A32D752A2FF}</UniqueIdentifier>
      <Extensions>cpp;c;cc;cxx;c++;cppm;ixx;def;odl;idl;hpj;bat;asm;asmx</Extensions>
    </Filter>
    <Filter Include="Header Files">
      <UniqueIdentifier>{93995380-89BD-4b04-88EB-625FBE52EBFB}</UniqueIdentifier>
      <Extensions>h;hh;hpp;hxx;h++;hm;inl;inc;ipp;xsd</Extensions>
    </Filter>
    <Filter Include="Resource Files">
      <UniqueIdentifier>{67DA6AB6-F800-4c08-8B7A-83BB121AAD01}</UniqueIdentifier>
      <Extensions>rc;ico;cur;bmp;dlg;rc2;rct;bin;rgs;gif;jpg;jpeg;jpe;resx;tiff;tif;png;wav;mfcribbon-ms</Extensions>
    </Filter>
    <Filter Include="Source Files\Windows">
      <UniqueIdentifier>{284641ff-effb-42f0-8a06-5a5e80fa5f4b}</UniqueIdentifier>
    </Filter>
    <Filter Include="Source Files\Renderer">
      <UniqueIdentifier>{42ea66b4-ff2e-4c7b-97a6-a74c187c9a01}</UniqueIdentifier>
    </Filter>
    <Filter Include="Source Files\Graphics">
      <UniqueIdentifier>{4adbb548-a651-464a-8639-9dd5aadb6093}</UniqueIdentifier>
    </Filter>
    <Filter Include="Source Files\Program">
      <UniqueIdentifier>{779a8130-a1e6-4b0a-9c41-db9522a58f73}</UniqueIdentifier>
    </Filter>
    <Filter Include="Source Files\Timer">
      <UniqueIdentifier>{6f4b97d7-d04e-40e6-9ac1-42aa12766a6f}</UniqueIdentifier>
    </Filter>
    <Filter Include="Source Files\Graphics\Text">
      <UniqueIdentifier>{47fef753-50f6-4303-9d92-d14655fa427b}</UniqueIdentifier>
    </Filter>
    <Filter Include="Source Files\RandomGenerator">
      <UniqueIdentifier>{e8dd00ec-1100-4aff-ba33-611f44cdf33f}</UniqueIdentifier>
    </Filter>
    <Filter Include="Source Files\UIElements">
      <UniqueIdentifier>{792df823-2f20-4713-b602-06e31f96bce4}</UniqueIdentifier>
    </Filter>
    <Filter Include="Source Files\Input Output">
      <UniqueIdentifier>{73f1efc6-508c-46f1-a12c-daf91bac2f18}</UniqueIdentifier>
    </Filter>
    <Filter Include="Source Files\Controls">
      <UniqueIdentifier>{02124fc6-71b7-45d7-a95b-61fec6232b99}</UniqueIdentifier>
    </Filter>
  </ItemGroup>
  <ItemGroup>
    <ClInclude Include="WindowsBase.h">
      <Filter>Source Files\Windows</Filter>
    </ClInclude>
    <ClInclude Include="WindowsMain.h">
      <Filter>Source Files\Windows</Filter>
    </ClInclude>
    <ClInclude Include="RendererD2D.h">
      <Filter>Source Files\Renderer</Filter>
    </ClInclude>
    <ClInclude Include="DPI.h">
      <Filter>Source Files\Renderer</Filter>
    </ClInclude>
    <ClInclude Include="SafeRelease.h">
      <Filter>Source Files\Renderer</Filter>
    </ClInclude>
    <ClInclude Include="GraphicObject.h">
      <Filter>Source Files\Graphics</Filter>
    </ClInclude>
    <ClInclude Include="GO_Ellipse.h">
      <Filter>Source Files\Graphics</Filter>
    </ClInclude>
    <ClInclude Include="GO_GeometryEllipse.h">
      <Filter>Source Files\Graphics</Filter>
    </ClInclude>
    <ClInclude Include="ObjectHolder.h">
      <Filter>Source Files\Graphics</Filter>
    </ClInclude>
    <ClInclude Include="program.h">
      <Filter>Source Files\Program</Filter>
    </ClInclude>
    <ClInclude Include="MyTimer.h">
      <Filter>Source Files\Timer</Filter>
    </ClInclude>
    <ClInclude Include="RenderOptions.h">
      <Filter>Source Files\Renderer</Filter>
    </ClInclude>
    <ClInclude Include="LayeredWindowManager.h">
      <Filter>Source Files\Renderer</Filter>
    </ClInclude>
    <ClInclude Include="WICHelper.h">
      <Filter>Source Files\Renderer</Filter>
    </ClInclude>
    <ClInclude Include="WICRenderTarget.h">
      <Filter>Source Files\Renderer</Filter>
    </ClInclude>
    <ClInclude Include="UpdateHolder.h">
      <Filter>Source Files\Renderer</Filter>
    </ClInclude>
    <ClInclude Include="TX_TextBox.h">
      <Filter>Source Files\Graphics\Text</Filter>
    </ClInclude>
    <ClInclude Include="GO_Rectangle.h">
      <Filter>Source Files\Graphics</Filter>
    </ClInclude>
    <ClInclude Include="RandomGenerator.h">
      <Filter>Source Files\RandomGenerator</Filter>
    </ClInclude>
    <ClInclude Include="Events.h">
      <Filter>Source Files\Input Output</Filter>
    </ClInclude>
    <ClInclude Include="MouseEventManager.h">
      <Filter>Source Files\Input Output</Filter>
    </ClInclude>
    <ClInclude Include="OffscreenRenderer.h">
      <Filter>Source Files\Renderer</Filter>
    </ClInclude>
    <ClInclude Include="ControlCanvas.h">
      <Filter>Source Files\Controls</Filter>
    </ClInclude>
  </ItemGroup>
  <ItemGroup>
    <ClCompile Include="WindowsMain.cpp">
      <Filter>Source Files\Windows</Filter>
    </ClCompile>
    <ClCompile Include="DPI.cpp">
      <Filter>Source Files\Renderer</Filter>
    </ClCompile>
    <ClCompile Include="RendererD2D.cpp">
      <Filter>Source Files\Renderer</Filter>
    </ClCompile>
    <ClCompile Include="GO_Ellipse.cpp">
      <Filter>Source Files\Graphics</Filter>
    </ClCompile>
    <ClCompile Include="TransparenWindow_D2D.cpp">
      <Filter>Source Files</Filter>
    </ClCompile>
    <ClCompile Include="program.cpp">
      <Filter>Source Files\Program</Filter>
    </ClCompile>
    <ClCompile Include="TX_TextBox.cpp">
      <Filter>Source Files\Graphics\Text</Filter>
    </ClCompile>
    <ClCompile Include="GraphicObject.cpp">
      <Filter>Source Files\Graphics</Filter>
    </ClCompile>
    <ClCompile Include="GO_Rectangle.cpp">
      <Filter>Source Files\Graphics</Filter>
    </ClCompile>
    <ClCompile Include="GO_GeometryEllipse.cpp">
      <Filter>Source Files\Graphics</Filter>
    </ClCompile>
    <ClCompile Include="MouseEventManager.cpp">
      <Filter>Source Files\Input Output</Filter>
    </ClCompile>
    <ClCompile Include="OffscreenRenderer.cpp">
      <Filter>Source Files\Renderer</Filter>
    </ClCompile>
    <ClCompile Include="ControlCanvas.cpp">
      <Filter>Source Files\Controls</Filter>
    </ClCompile>
  </ItemGroup>
</Project>